// !$*UTF8*$!
{
	archiveVersion = 1;
	classes = {
	};
	objectVersion = 46;
	objects = {

/* Begin PBXBuildFile section */
		C2EE28F718EABB2700C8355B /* Foundation.framework in Frameworks */ = {isa = PBXBuildFile; fileRef = C2EE28F618EABB2700C8355B /* Foundation.framework */; };
		C2EE28F918EABB2700C8355B /* CoreGraphics.framework in Frameworks */ = {isa = PBXBuildFile; fileRef = C2EE28F818EABB2700C8355B /* CoreGraphics.framework */; };
		C2EE28FB18EABB2700C8355B /* UIKit.framework in Frameworks */ = {isa = PBXBuildFile; fileRef = C2EE28FA18EABB2700C8355B /* UIKit.framework */; };
		C2EE28FD18EABB2700C8355B /* CoreData.framework in Frameworks */ = {isa = PBXBuildFile; fileRef = C2EE28FC18EABB2700C8355B /* CoreData.framework */; };
		C2EE290318EABB2700C8355B /* InfoPlist.strings in Resources */ = {isa = PBXBuildFile; fileRef = C2EE290118EABB2700C8355B /* InfoPlist.strings */; };
		C2EE290518EABB2700C8355B /* main.m in Sources */ = {isa = PBXBuildFile; fileRef = C2EE290418EABB2700C8355B /* main.m */; };
		C2EE290918EABB2700C8355B /* AppDelegate.m in Sources */ = {isa = PBXBuildFile; fileRef = C2EE290818EABB2700C8355B /* AppDelegate.m */; };
		C2EE290C18EABB2700C8355B /* TeeLab.xcdatamodeld in Sources */ = {isa = PBXBuildFile; fileRef = C2EE290A18EABB2700C8355B /* TeeLab.xcdatamodeld */; };
		C2EE290E18EABB2700C8355B /* Images.xcassets in Resources */ = {isa = PBXBuildFile; fileRef = C2EE290D18EABB2700C8355B /* Images.xcassets */; };
		C2EE291518EABB2700C8355B /* XCTest.framework in Frameworks */ = {isa = PBXBuildFile; fileRef = C2EE291418EABB2700C8355B /* XCTest.framework */; };
		C2EE291618EABB2700C8355B /* Foundation.framework in Frameworks */ = {isa = PBXBuildFile; fileRef = C2EE28F618EABB2700C8355B /* Foundation.framework */; };
		C2EE291718EABB2700C8355B /* UIKit.framework in Frameworks */ = {isa = PBXBuildFile; fileRef = C2EE28FA18EABB2700C8355B /* UIKit.framework */; };
		C2EE291818EABB2700C8355B /* CoreData.framework in Frameworks */ = {isa = PBXBuildFile; fileRef = C2EE28FC18EABB2700C8355B /* CoreData.framework */; };
		C2EE292018EABB2700C8355B /* InfoPlist.strings in Resources */ = {isa = PBXBuildFile; fileRef = C2EE291E18EABB2700C8355B /* InfoPlist.strings */; };
		C2EE292218EABB2700C8355B /* TeeLabTests.m in Sources */ = {isa = PBXBuildFile; fileRef = C2EE292118EABB2700C8355B /* TeeLabTests.m */; };
/* End PBXBuildFile section */

/* Begin PBXContainerItemProxy section */
		C2EE291918EABB2700C8355B /* PBXContainerItemProxy */ = {
			isa = PBXContainerItemProxy;
			containerPortal = C2EE28EB18EABB2700C8355B /* Project object */;
			proxyType = 1;
			remoteGlobalIDString = C2EE28F218EABB2700C8355B;
			remoteInfo = TeeLab;
		};
/* End PBXContainerItemProxy section */

/* Begin PBXFileReference section */
		C2EE28F318EABB2700C8355B /* TeeLab.app */ = {isa = PBXFileReference; explicitFileType = wrapper.application; includeInIndex = 0; path = TeeLab.app; sourceTree = BUILT_PRODUCTS_DIR; };
		C2EE28F618EABB2700C8355B /* Foundation.framework */ = {isa = PBXFileReference; lastKnownFileType = wrapper.framework; name = Foundation.framework; path = System/Library/Frameworks/Foundation.framework; sourceTree = SDKROOT; };
		C2EE28F818EABB2700C8355B /* CoreGraphics.framework */ = {isa = PBXFileReference; lastKnownFileType = wrapper.framework; name = CoreGraphics.framework; path = System/Library/Frameworks/CoreGraphics.framework; sourceTree = SDKROOT; };
		C2EE28FA18EABB2700C8355B /* UIKit.framework */ = {isa = PBXFileReference; lastKnownFileType = wrapper.framework; name = UIKit.framework; path = System/Library/Frameworks/UIKit.framework; sourceTree = SDKROOT; };
		C2EE28FC18EABB2700C8355B /* CoreData.framework */ = {isa = PBXFileReference; lastKnownFileType = wrapper.framework; name = CoreData.framework; path = System/Library/Frameworks/CoreData.framework; sourceTree = SDKROOT; };
		C2EE290018EABB2700C8355B /* TeeLab-Info.plist */ = {isa = PBXFileReference; lastKnownFileType = text.plist.xml; path = "TeeLab-Info.plist"; sourceTree = "<group>"; };
		C2EE290218EABB2700C8355B /* en */ = {isa = PBXFileReference; lastKnownFileType = text.plist.strings; name = en; path = en.lproj/InfoPlist.strings; sourceTree = "<group>"; };
		C2EE290418EABB2700C8355B /* main.m */ = {isa = PBXFileReference; lastKnownFileType = sourcecode.c.objc; path = main.m; sourceTree = "<group>"; };
		C2EE290618EABB2700C8355B /* TeeLab-Prefix.pch */ = {isa = PBXFileReference; lastKnownFileType = sourcecode.c.h; path = "TeeLab-Prefix.pch"; sourceTree = "<group>"; };
		C2EE290718EABB2700C8355B /* AppDelegate.h */ = {isa = PBXFileReference; lastKnownFileType = sourcecode.c.h; path = AppDelegate.h; sourceTree = "<group>"; };
		C2EE290818EABB2700C8355B /* AppDelegate.m */ = {isa = PBXFileReference; lastKnownFileType = sourcecode.c.objc; path = AppDelegate.m; sourceTree = "<group>"; };
		C2EE290B18EABB2700C8355B /* TeeLab.xcdatamodel */ = {isa = PBXFileReference; lastKnownFileType = wrapper.xcdatamodel; path = TeeLab.xcdatamodel; sourceTree = "<group>"; };
		C2EE290D18EABB2700C8355B /* Images.xcassets */ = {isa = PBXFileReference; lastKnownFileType = folder.assetcatalog; path = Images.xcassets; sourceTree = "<group>"; };
		C2EE291318EABB2700C8355B /* TeeLabTests.xctest */ = {isa = PBXFileReference; explicitFileType = wrapper.cfbundle; includeInIndex = 0; path = TeeLabTests.xctest; sourceTree = BUILT_PRODUCTS_DIR; };
		C2EE291418EABB2700C8355B /* XCTest.framework */ = {isa = PBXFileReference; lastKnownFileType = wrapper.framework; name = XCTest.framework; path = Library/Frameworks/XCTest.framework; sourceTree = DEVELOPER_DIR; };
		C2EE291D18EABB2700C8355B /* TeeLabTests-Info.plist */ = {isa = PBXFileReference; lastKnownFileType = text.plist.xml; path = "TeeLabTests-Info.plist"; sourceTree = "<group>"; };
		C2EE291F18EABB2700C8355B /* en */ = {isa = PBXFileReference; lastKnownFileType = text.plist.strings; name = en; path = en.lproj/InfoPlist.strings; sourceTree = "<group>"; };
		C2EE292118EABB2700C8355B /* TeeLabTests.m */ = {isa = PBXFileReference; lastKnownFileType = sourcecode.c.objc; path = TeeLabTests.m; sourceTree = "<group>"; };
/* End PBXFileReference section */

/* Begin PBXFrameworksBuildPhase section */
		C2EE28F018EABB2700C8355B /* Frameworks */ = {
			isa = PBXFrameworksBuildPhase;
			buildActionMask = 2147483647;
			files = (
				C2EE28F918EABB2700C8355B /* CoreGraphics.framework in Frameworks */,
				C2EE28FD18EABB2700C8355B /* CoreData.framework in Frameworks */,
				C2EE28FB18EABB2700C8355B /* UIKit.framework in Frameworks */,
				C2EE28F718EABB2700C8355B /* Foundation.framework in Frameworks */,
			);
			runOnlyForDeploymentPostprocessing = 0;
		};
		C2EE291018EABB2700C8355B /* Frameworks */ = {
			isa = PBXFrameworksBuildPhase;
			buildActionMask = 2147483647;
			files = (
				C2EE291518EABB2700C8355B /* XCTest.framework in Frameworks */,
				C2EE291818EABB2700C8355B /* CoreData.framework in Frameworks */,
				C2EE291718EABB2700C8355B /* UIKit.framework in Frameworks */,
				C2EE291618EABB2700C8355B /* Foundation.framework in Frameworks */,
			);
			runOnlyForDeploymentPostprocessing = 0;
		};
/* End PBXFrameworksBuildPhase section */

/* Begin PBXGroup section */
		C2EE28EA18EABB2700C8355B = {
			isa = PBXGroup;
			children = (
				C2EE28FE18EABB2700C8355B /* TeeLab */,
				C2EE291B18EABB2700C8355B /* TeeLabTests */,
				C2EE28F518EABB2700C8355B /* Frameworks */,
				C2EE28F418EABB2700C8355B /* Products */,
			);
			sourceTree = "<group>";
		};
		C2EE28F418EABB2700C8355B /* Products */ = {
			isa = PBXGroup;
			children = (
				C2EE28F318EABB2700C8355B /* TeeLab.app */,
				C2EE291318EABB2700C8355B /* TeeLabTests.xctest */,
			);
			name = Products;
			sourceTree = "<group>";
		};
		C2EE28F518EABB2700C8355B /* Frameworks */ = {
			isa = PBXGroup;
			children = (
				C2EE28F618EABB2700C8355B /* Foundation.framework */,
				C2EE28F818EABB2700C8355B /* CoreGraphics.framework */,
				C2EE28FA18EABB2700C8355B /* UIKit.framework */,
				C2EE28FC18EABB2700C8355B /* CoreData.framework */,
				C2EE291418EABB2700C8355B /* XCTest.framework */,
			);
			name = Frameworks;
			sourceTree = "<group>";
		};
		C2EE28FE18EABB2700C8355B /* TeeLab */ = {
			isa = PBXGroup;
			children = (
				C2EE290718EABB2700C8355B /* AppDelegate.h */,
				C2EE290818EABB2700C8355B /* AppDelegate.m */,
				C2EE290D18EABB2700C8355B /* Images.xcassets */,
				C2EE290A18EABB2700C8355B /* TeeLab.xcdatamodeld */,
				C2EE28FF18EABB2700C8355B /* Supporting Files */,
			);
			path = TeeLab;
			sourceTree = "<group>";
		};
		C2EE28FF18EABB2700C8355B /* Supporting Files */ = {
			isa = PBXGroup;
			children = (
				C2EE290018EABB2700C8355B /* TeeLab-Info.plist */,
				C2EE290118EABB2700C8355B /* InfoPlist.strings */,
				C2EE290418EABB2700C8355B /* main.m */,
				C2EE290618EABB2700C8355B /* TeeLab-Prefix.pch */,
			);
			name = "Supporting Files";
			sourceTree = "<group>";
		};
		C2EE291B18EABB2700C8355B /* TeeLabTests */ = {
			isa = PBXGroup;
			children = (
				C2EE292118EABB2700C8355B /* TeeLabTests.m */,
				C2EE291C18EABB2700C8355B /* Supporting Files */,
			);
			path = TeeLabTests;
			sourceTree = "<group>";
		};
		C2EE291C18EABB2700C8355B /* Supporting Files */ = {
			isa = PBXGroup;
			children = (
				C2EE291D18EABB2700C8355B /* TeeLabTests-Info.plist */,
				C2EE291E18EABB2700C8355B /* InfoPlist.strings */,
			);
			name = "Supporting Files";
			sourceTree = "<group>";
		};
/* End PBXGroup section */

/* Begin PBXNativeTarget section */
		C2EE28F218EABB2700C8355B /* TeeLab */ = {
			isa = PBXNativeTarget;
			buildConfigurationList = C2EE292518EABB2700C8355B /* Build configuration list for PBXNativeTarget "TeeLab" */;
			buildPhases = (
				C2EE28EF18EABB2700C8355B /* Sources */,
				C2EE28F018EABB2700C8355B /* Frameworks */,
				C2EE28F118EABB2700C8355B /* Resources */,
			);
			buildRules = (
			);
			dependencies = (
			);
			name = TeeLab;
			productName = TeeLab;
			productReference = C2EE28F318EABB2700C8355B /* TeeLab.app */;
			productType = "com.apple.product-type.application";
		};
		C2EE291218EABB2700C8355B /* TeeLabTests */ = {
			isa = PBXNativeTarget;
			buildConfigurationList = C2EE292818EABB2700C8355B /* Build configuration list for PBXNativeTarget "TeeLabTests" */;
			buildPhases = (
				C2EE290F18EABB2700C8355B /* Sources */,
				C2EE291018EABB2700C8355B /* Frameworks */,
				C2EE291118EABB2700C8355B /* Resources */,
			);
			buildRules = (
			);
			dependencies = (
				C2EE291A18EABB2700C8355B /* PBXTargetDependency */,
			);
			name = TeeLabTests;
			productName = TeeLabTests;
			productReference = C2EE291318EABB2700C8355B /* TeeLabTests.xctest */;
			productType = "com.apple.product-type.bundle.unit-test";
		};
/* End PBXNativeTarget section */

/* Begin PBXProject section */
		C2EE28EB18EABB2700C8355B /* Project object */ = {
			isa = PBXProject;
			attributes = {
				LastUpgradeCheck = 0510;
				ORGANIZATIONNAME = "___FULLUSERNAME___";
				TargetAttributes = {
					C2EE291218EABB2700C8355B = {
						TestTargetID = C2EE28F218EABB2700C8355B;
					};
				};
			};
			buildConfigurationList = C2EE28EE18EABB2700C8355B /* Build configuration list for PBXProject "TeeLab" */;
			compatibilityVersion = "Xcode 3.2";
			developmentRegion = English;
			hasScannedForEncodings = 0;
			knownRegions = (
				en,
			);
			mainGroup = C2EE28EA18EABB2700C8355B;
			productRefGroup = C2EE28F418EABB2700C8355B /* Products */;
			projectDirPath = "";
			projectRoot = "";
			targets = (
				C2EE28F218EABB2700C8355B /* TeeLab */,
				C2EE291218EABB2700C8355B /* TeeLabTests */,
			);
		};
/* End PBXProject section */

/* Begin PBXResourcesBuildPhase section */
		C2EE28F118EABB2700C8355B /* Resources */ = {
			isa = PBXResourcesBuildPhase;
			buildActionMask = 2147483647;
			files = (
				C2EE290318EABB2700C8355B /* InfoPlist.strings in Resources */,
				C2EE290E18EABB2700C8355B /* Images.xcassets in Resources */,
			);
			runOnlyForDeploymentPostprocessing = 0;
		};
		C2EE291118EABB2700C8355B /* Resources */ = {
			isa = PBXResourcesBuildPhase;
			buildActionMask = 2147483647;
			files = (
				C2EE292018EABB2700C8355B /* InfoPlist.strings in Resources */,
			);
			runOnlyForDeploymentPostprocessing = 0;
		};
/* End PBXResourcesBuildPhase section */

/* Begin PBXSourcesBuildPhase section */
		C2EE28EF18EABB2700C8355B /* Sources */ = {
			isa = PBXSourcesBuildPhase;
			buildActionMask = 2147483647;
			files = (
				C2EE290918EABB2700C8355B /* AppDelegate.m in Sources */,
				C2EE290518EABB2700C8355B /* main.m in Sources */,
				C2EE290C18EABB2700C8355B /* TeeLab.xcdatamodeld in Sources */,
			);
			runOnlyForDeploymentPostprocessing = 0;
		};
		C2EE290F18EABB2700C8355B /* Sources */ = {
			isa = PBXSourcesBuildPhase;
			buildActionMask = 2147483647;
			files = (
				C2EE292218EABB2700C8355B /* TeeLabTests.m in Sources */,
			);
			runOnlyForDeploymentPostprocessing = 0;
		};
/* End PBXSourcesBuildPhase section */

/* Begin PBXTargetDependency section */
		C2EE291A18EABB2700C8355B /* PBXTargetDependency */ = {
			isa = PBXTargetDependency;
			target = C2EE28F218EABB2700C8355B /* TeeLab */;
			targetProxy = C2EE291918EABB2700C8355B /* PBXContainerItemProxy */;
		};
/* End PBXTargetDependency section */

/* Begin PBXVariantGroup section */
		C2EE290118EABB2700C8355B /* InfoPlist.strings */ = {
			isa = PBXVariantGroup;
			children = (
				C2EE290218EABB2700C8355B /* en */,
			);
			name = InfoPlist.strings;
			sourceTree = "<group>";
		};
		C2EE291E18EABB2700C8355B /* InfoPlist.strings */ = {
			isa = PBXVariantGroup;
			children = (
				C2EE291F18EABB2700C8355B /* en */,
			);
			name = InfoPlist.strings;
			sourceTree = "<group>";
		};
/* End PBXVariantGroup section */

/* Begin XCBuildConfiguration section */
		C2EE292318EABB2700C8355B /* Debug */ = {
			isa = XCBuildConfiguration;
			buildSettings = {
				ALWAYS_SEARCH_USER_PATHS = NO;
				CLANG_CXX_LANGUAGE_STANDARD = "gnu++0x";
				CLANG_CXX_LIBRARY = "libc++";
				CLANG_ENABLE_MODULES = YES;
				CLANG_ENABLE_OBJC_ARC = YES;
				CLANG_WARN_BOOL_CONVERSION = YES;
				CLANG_WARN_CONSTANT_CONVERSION = YES;
				CLANG_WARN_DIRECT_OBJC_ISA_USAGE = YES_ERROR;
				CLANG_WARN_EMPTY_BODY = YES;
				CLANG_WARN_ENUM_CONVERSION = YES;
				CLANG_WARN_INT_CONVERSION = YES;
				CLANG_WARN_OBJC_ROOT_CLASS = YES_ERROR;
				CLANG_WARN__DUPLICATE_METHOD_MATCH = YES;
				"CODE_SIGN_IDENTITY[sdk=iphoneos*]" = "iPhone Developer";
				COPY_PHASE_STRIP = NO;
				GCC_C_LANGUAGE_STANDARD = gnu99;
				GCC_DYNAMIC_NO_PIC = NO;
				GCC_OPTIMIZATION_LEVEL = 0;
				GCC_PREPROCESSOR_DEFINITIONS = (
					"DEBUG=1",
					"$(inherited)",
				);
				GCC_SYMBOLS_PRIVATE_EXTERN = NO;
				GCC_WARN_64_TO_32_BIT_CONVERSION = YES;
				GCC_WARN_ABOUT_RETURN_TYPE = YES_ERROR;
				GCC_WARN_UNDECLARED_SELECTOR = YES;
				GCC_WARN_UNINITIALIZED_AUTOS = YES_AGGRESSIVE;
				GCC_WARN_UNUSED_FUNCTION = YES;
				GCC_WARN_UNUSED_VARIABLE = YES;
				IPHONEOS_DEPLOYMENT_TARGET = 7.1;
				ONLY_ACTIVE_ARCH = YES;
				SDKROOT = iphoneos;
			};
			name = Debug;
		};
		C2EE292418EABB2700C8355B /* Release */ = {
			isa = XCBuildConfiguration;
			buildSettings = {
				ALWAYS_SEARCH_USER_PATHS = NO;
				CLANG_CXX_LANGUAGE_STANDARD = "gnu++0x";
				CLANG_CXX_LIBRARY = "libc++";
				CLANG_ENABLE_MODULES = YES;
				CLANG_ENABLE_OBJC_ARC = YES;
				CLANG_WARN_BOOL_CONVERSION = YES;
				CLANG_WARN_CONSTANT_CONVERSION = YES;
				CLANG_WARN_DIRECT_OBJC_ISA_USAGE = YES_ERROR;
				CLANG_WARN_EMPTY_BODY = YES;
				CLANG_WARN_ENUM_CONVERSION = YES;
				CLANG_WARN_INT_CONVERSION = YES;
				CLANG_WARN_OBJC_ROOT_CLASS = YES_ERROR;
				CLANG_WARN__DUPLICATE_METHOD_MATCH = YES;
				"CODE_SIGN_IDENTITY[sdk=iphoneos*]" = "iPhone Developer";
				COPY_PHASE_STRIP = YES;
				ENABLE_NS_ASSERTIONS = NO;
				GCC_C_LANGUAGE_STANDARD = gnu99;
				GCC_WARN_64_TO_32_BIT_CONVERSION = YES;
				GCC_WARN_ABOUT_RETURN_TYPE = YES_ERROR;
				GCC_WARN_UNDECLARED_SELECTOR = YES;
				GCC_WARN_UNINITIALIZED_AUTOS = YES_AGGRESSIVE;
				GCC_WARN_UNUSED_FUNCTION = YES;
				GCC_WARN_UNUSED_VARIABLE = YES;
				IPHONEOS_DEPLOYMENT_TARGET = 7.1;
				SDKROOT = iphoneos;
				VALIDATE_PRODUCT = YES;
			};
			name = Release;
		};
		C2EE292618EABB2700C8355B /* Debug */ = {
			isa = XCBuildConfiguration;
			buildSettings = {
				ASSETCATALOG_COMPILER_APPICON_NAME = AppIcon;
				ASSETCATALOG_COMPILER_LAUNCHIMAGE_NAME = LaunchImage;
				GCC_PRECOMPILE_PREFIX_HEADER = YES;
				GCC_PREFIX_HEADER = "TeeLab/TeeLab-Prefix.pch";
				INFOPLIST_FILE = "TeeLab/TeeLab-Info.plist";
				PRODUCT_NAME = "$(TARGET_NAME)";
				WRAPPER_EXTENSION = app;
			};
			name = Debug;
		};
		C2EE292718EABB2700C8355B /* Release */ = {
			isa = XCBuildConfiguration;
			buildSettings = {
				ASSETCATALOG_COMPILER_APPICON_NAME = AppIcon;
				ASSETCATALOG_COMPILER_LAUNCHIMAGE_NAME = LaunchImage;
				GCC_PRECOMPILE_PREFIX_HEADER = YES;
				GCC_PREFIX_HEADER = "TeeLab/TeeLab-Prefix.pch";
				INFOPLIST_FILE = "TeeLab/TeeLab-Info.plist";
				PRODUCT_NAME = "$(TARGET_NAME)";
				WRAPPER_EXTENSION = app;
			};
			name = Release;
		};
		C2EE292918EABB2700C8355B /* Debug */ = {
			isa = XCBuildConfiguration;
			buildSettings = {
				BUNDLE_LOADER = "$(BUILT_PRODUCTS_DIR)/TeeLab.app/TeeLab";
				FRAMEWORK_SEARCH_PATHS = (
					"$(SDKROOT)/Developer/Library/Frameworks",
					"$(inherited)",
					"$(DEVELOPER_FRAMEWORKS_DIR)",
				);
				GCC_PRECOMPILE_PREFIX_HEADER = YES;
				GCC_PREFIX_HEADER = "TeeLab/TeeLab-Prefix.pch";
				GCC_PREPROCESSOR_DEFINITIONS = (
					"DEBUG=1",
					"$(inherited)",
				);
				INFOPLIST_FILE = "TeeLabTests/TeeLabTests-Info.plist";
				PRODUCT_NAME = "$(TARGET_NAME)";
				TEST_HOST = "$(BUNDLE_LOADER)";
				WRAPPER_EXTENSION = xctest;
			};
			name = Debug;
		};
		C2EE292A18EABB2700C8355B /* Release */ = {
			isa = XCBuildConfiguration;
			buildSettings = {
				BUNDLE_LOADER = "$(BUILT_PRODUCTS_DIR)/TeeLab.app/TeeLab";
				FRAMEWORK_SEARCH_PATHS = (
					"$(SDKROOT)/Developer/Library/Frameworks",
					"$(inherited)",
					"$(DEVELOPER_FRAMEWORKS_DIR)",
				);
				GCC_PRECOMPILE_PREFIX_HEADER = YES;
				GCC_PREFIX_HEADER = "TeeLab/TeeLab-Prefix.pch";
				INFOPLIST_FILE = "TeeLabTests/TeeLabTests-Info.plist";
				PRODUCT_NAME = "$(TARGET_NAME)";
				TEST_HOST = "$(BUNDLE_LOADER)";
				WRAPPER_EXTENSION = xctest;
			};
			name = Release;
		};
/* End XCBuildConfiguration section */

/* Begin XCConfigurationList section */
		C2EE28EE18EABB2700C8355B /* Build configuration list for PBXProject "TeeLab" */ = {
			isa = XCConfigurationList;
			buildConfigurations = (
				C2EE292318EABB2700C8355B /* Debug */,
				C2EE292418EABB2700C8355B /* Release */,
			);
			defaultConfigurationIsVisible = 0;
			defaultConfigurationName = Release;
		};
		C2EE292518EABB2700C8355B /* Build configuration list for PBXNativeTarget "TeeLab" */ = {
			isa = XCConfigurationList;
			buildConfigurations = (
				C2EE292618EABB2700C8355B /* Debug */,
				C2EE292718EABB2700C8355B /* Release */,
			);
			defaultConfigurationIsVisible = 0;
		};
		C2EE292818EABB2700C8355B /* Build configuration list for PBXNativeTarget "TeeLabTests" */ = {
			isa = XCConfigurationList;
			buildConfigurations = (
				C2EE292918EABB2700C8355B /* Debug */,
				C2EE292A18EABB2700C8355B /* Release */,
			);
			defaultConfigurationIsVisible = 0;
		};
/* End XCConfigurationList section */

/* Begin XCVersionGroup section */
		C2EE290A18EABB2700C8355B /* TeeLab.xcdatamodeld */ = {
			isa = XCVersionGroup;
			children = (
				C2EE290B18EABB2700C8355B /* TeeLab.xcdatamodel */,
			);
			currentVersion = C2EE290B18EABB2700C8355B /* TeeLab.xcdatamodel */;
			path = TeeLab.xcdatamodeld;
			sourceTree = "<group>";
			versionGroupType = wrapper.xcdatamodel;
		};
/* End XCVersionGroup section */
	};
	rootObject = C2EE28EB18EABB2700C8355B /* Project object */;
}
